
Microsoft Visual Studio Solution File, Format Version 11.00
# Visual Studio 2010
Project("{2150E333-8FDC-42A3-9474-1A3956D46DE8}") = "FSharpCouch", "FSharpCouch", "{234A63CF-FC4A-403D-90A8-BA7CA95B3492}"
EndProject
Project("{F2A71F9B-5D33-465A-A702-920D77279786}") = "FSharpCouch", "FSharpCouch\src\FSharpCouch\FSharpCouch.fsproj", "{DA30BCAB-D6BD-4508-8C2A-FD6246766A29}"
EndProject
Project("{F2A71F9B-5D33-465A-A702-920D77279786}") = "FSharpCouch.IntegrationTests", "FSharpCouch\test\FSharpCouch.IntegrationTests\FSharpCouch.IntegrationTests.fsproj", "{5B62A6CF-7854-4EBC-BAB9-1A9A85F3F261}"
EndProject
Project("{2150E333-8FDC-42A3-9474-1A3956D46DE8}") = "MVC2Template", "MVC2Template", "{4A3A84B5-F810-4DA4-9565-3FBD12F76485}"
EndProject
Project("{F2A71F9B-5D33-465A-A702-920D77279786}") = "FSharpMVC2.Models", "FSharpMVC2.Web\src\FSharpMVC2.Models\FSharpMVC2.Models.fsproj", "{6173C6DC-1435-4A83-A5FE-51DC7E0798AC}"
EndProject
Project("{FAE04EC0-301F-11D3-BF4B-00C04F79EFBC}") = "FSharpMVC2.Web", "FSharpMVC2.Web\src\FSharpMVC2.Web\FSharpMVC2.Web.csproj", "{98DFF363-4EE0-48A9-B473-A9C6AFE05490}"
EndProject
Project("{F2A71F9B-5D33-465A-A702-920D77279786}") = "FSharpMVC2.Core", "FSharpMVC2.Web\src\FSharpMVC2.Core\FSharpMVC2.Core.fsproj", "{D60E704B-7D74-41FF-98B5-E0EC68FC6D22}"
EndProject
Project("{F2A71F9B-5D33-465A-A702-920D77279786}") = "FSharpMVC2.Controllers", "FSharpMVC2.Web\src\FSharpMVC2.Controllers\FSharpMVC2.Controllers.fsproj", "{1D53FAA1-798D-4560-AA93-49679CC58B3B}"
EndProject
Project("{2150E333-8FDC-42A3-9474-1A3956D46DE8}") = "IoC", "IoC", "{271B968B-8031-4724-A153-9CCEAEA09E44}"
EndProject
Project("{F2A71F9B-5D33-465A-A702-920D77279786}") = "FSharpIoC", "FSharpIoC\FSharpIoC\FSharpIoC.fsproj", "{D2082633-68CA-4C7E-9CF7-7CA94CF86ACE}"
EndProject
Project("{F2A71F9B-5D33-465A-A702-920D77279786}") = "FSharpIoCExample", "FSharpIoC\FSharpIoCExample\FSharpIoCExample.fsproj", "{DDA1E28A-6C22-459F-8FED-A1C44A7F8771}"
EndProject
Project("{2150E333-8FDC-42A3-9474-1A3956D46DE8}") = "Polyphony", "Polyphony", "{ED9E6177-7E42-4744-8D8E-762A54898BF0}"
EndProject
Project("{F2A71F9B-5D33-465A-A702-920D77279786}") = "Polyphony", "Polyphony\src\Polyphony\Polyphony.fsproj", "{09E1A33E-8FBB-4447-8E6C-7AB49A817808}"
EndProject
Project("{F2A71F9B-5D33-465A-A702-920D77279786}") = "Polyphony.Tests", "Polyphony\tests\Polyphony.Tests\Polyphony.Tests.fsproj", "{E7A39B3E-7513-4696-AC22-0242D9311A4F}"
EndProject
Project("{2150E333-8FDC-42A3-9474-1A3956D46DE8}") = "Recursion", "Recursion", "{E50D24A5-972C-4F1C-99E5-01514EE0B6F3}"
EndProject
Project("{F2A71F9B-5D33-465A-A702-920D77279786}") = "RecursiveTest", "RecursiveTest\RecursiveTest\RecursiveTest.fsproj", "{15C32810-20FD-411A-8084-AB069CC7B4D0}"
EndProject
Project("{F2A71F9B-5D33-465A-A702-920D77279786}") = "TailRecursiveTest", "RecursiveTest\TailRecursiveTest\TailRecursiveTest.fsproj", "{D521BDA8-6A58-47B0-ACE9-A41C1B850B3C}"
EndProject
Project("{2150E333-8FDC-42A3-9474-1A3956D46DE8}") = "WebSharper", "WebSharper", "{6CFE5E0E-5E08-426F-AA95-B24142FB056F}"
EndProject
Project("{FAE04EC0-301F-11D3-BF4B-00C04F79EFBC}") = "WebApplication", "WebSharperSample\WebSharperSample\WebApplication\WebApplication.csproj", "{D9754244-0ECB-4437-9CC6-C415D18AADED}"
EndProject
Project("{F2A71F9B-5D33-465A-A702-920D77279786}") = "WebSharperProject", "WebSharperSample\WebSharperSample\WebSharperProject\WebSharperProject.fsproj", "{C4E3CD76-5618-421C-A187-95EB0D51B133}"
EndProject
Project("{2150E333-8FDC-42A3-9474-1A3956D46DE8}") = "XMLParser", "XMLParser", "{7226F057-49AE-4BC4-A5B8-8271B43F00B3}"
EndProject
Project("{F2A71F9B-5D33-465A-A702-920D77279786}") = "XmlParser", "XmlParser\XmlParser.fsproj", "{8B642BBC-4538-45CF-933D-4D72E8CB3A31}"
EndProject
Global
	GlobalSection(SolutionConfigurationPlatforms) = preSolution
		Debug|Any CPU = Debug|Any CPU
		Debug|Mixed Platforms = Debug|Mixed Platforms
		Debug|x86 = Debug|x86
		Release|Any CPU = Release|Any CPU
		Release|Mixed Platforms = Release|Mixed Platforms
		Release|x86 = Release|x86
	EndGlobalSection
	GlobalSection(ProjectConfigurationPlatforms) = postSolution
		{DA30BCAB-D6BD-4508-8C2A-FD6246766A29}.Debug|Any CPU.ActiveCfg = Debug|Any CPU
		{DA30BCAB-D6BD-4508-8C2A-FD6246766A29}.Debug|Any CPU.Build.0 = Debug|Any CPU
		{DA30BCAB-D6BD-4508-8C2A-FD6246766A29}.Debug|Mixed Platforms.ActiveCfg = Debug|Any CPU
		{DA30BCAB-D6BD-4508-8C2A-FD6246766A29}.Debug|Mixed Platforms.Build.0 = Debug|Any CPU
		{DA30BCAB-D6BD-4508-8C2A-FD6246766A29}.Debug|x86.ActiveCfg = Debug|Any CPU
		{DA30BCAB-D6BD-4508-8C2A-FD6246766A29}.Release|Any CPU.ActiveCfg = Release|Any CPU
		{DA30BCAB-D6BD-4508-8C2A-FD6246766A29}.Release|Any CPU.Build.0 = Release|Any CPU
		{DA30BCAB-D6BD-4508-8C2A-FD6246766A29}.Release|Mixed Platforms.ActiveCfg = Release|Any CPU
		{DA30BCAB-D6BD-4508-8C2A-FD6246766A29}.Release|Mixed Platforms.Build.0 = Release|Any CPU
		{DA30BCAB-D6BD-4508-8C2A-FD6246766A29}.Release|x86.ActiveCfg = Release|Any CPU
		{5B62A6CF-7854-4EBC-BAB9-1A9A85F3F261}.Debug|Any CPU.ActiveCfg = Debug|Any CPU
		{5B62A6CF-7854-4EBC-BAB9-1A9A85F3F261}.Debug|Any CPU.Build.0 = Debug|Any CPU
		{5B62A6CF-7854-4EBC-BAB9-1A9A85F3F261}.Debug|Mixed Platforms.ActiveCfg = Debug|Any CPU
		{5B62A6CF-7854-4EBC-BAB9-1A9A85F3F261}.Debug|Mixed Platforms.Build.0 = Debug|Any CPU
		{5B62A6CF-7854-4EBC-BAB9-1A9A85F3F261}.Debug|x86.ActiveCfg = Debug|Any CPU
		{5B62A6CF-7854-4EBC-BAB9-1A9A85F3F261}.Release|Any CPU.ActiveCfg = Release|Any CPU
		{5B62A6CF-7854-4EBC-BAB9-1A9A85F3F261}.Release|Any CPU.Build.0 = Release|Any CPU
		{5B62A6CF-7854-4EBC-BAB9-1A9A85F3F261}.Release|Mixed Platforms.ActiveCfg = Release|Any CPU
		{5B62A6CF-7854-4EBC-BAB9-1A9A85F3F261}.Release|Mixed Platforms.Build.0 = Release|Any CPU
		{5B62A6CF-7854-4EBC-BAB9-1A9A85F3F261}.Release|x86.ActiveCfg = Release|Any CPU
		{6173C6DC-1435-4A83-A5FE-51DC7E0798AC}.Debug|Any CPU.ActiveCfg = Debug|Any CPU
		{6173C6DC-1435-4A83-A5FE-51DC7E0798AC}.Debug|Any CPU.Build.0 = Debug|Any CPU
		{6173C6DC-1435-4A83-A5FE-51DC7E0798AC}.Debug|Mixed Platforms.ActiveCfg = Debug|Any CPU
		{6173C6DC-1435-4A83-A5FE-51DC7E0798AC}.Debug|Mixed Platforms.Build.0 = Debug|Any CPU
		{6173C6DC-1435-4A83-A5FE-51DC7E0798AC}.Debug|x86.ActiveCfg = Debug|Any CPU
		{6173C6DC-1435-4A83-A5FE-51DC7E0798AC}.Release|Any CPU.ActiveCfg = Release|Any CPU
		{6173C6DC-1435-4A83-A5FE-51DC7E0798AC}.Release|Any CPU.Build.0 = Release|Any CPU
		{6173C6DC-1435-4A83-A5FE-51DC7E0798AC}.Release|Mixed Platforms.ActiveCfg = Release|Any CPU
		{6173C6DC-1435-4A83-A5FE-51DC7E0798AC}.Release|Mixed Platforms.Build.0 = Release|Any CPU
		{6173C6DC-1435-4A83-A5FE-51DC7E0798AC}.Release|x86.ActiveCfg = Release|Any CPU
		{98DFF363-4EE0-48A9-B473-A9C6AFE05490}.Debug|Any CPU.ActiveCfg = Debug|Any CPU
		{98DFF363-4EE0-48A9-B473-A9C6AFE05490}.Debug|Any CPU.Build.0 = Debug|Any CPU
		{98DFF363-4EE0-48A9-B473-A9C6AFE05490}.Debug|Mixed Platforms.ActiveCfg = Debug|Any CPU
		{98DFF363-4EE0-48A9-B473-A9C6AFE05490}.Debug|Mixed Platforms.Build.0 = Debug|Any CPU
		{98DFF363-4EE0-48A9-B473-A9C6AFE05490}.Debug|x86.ActiveCfg = Debug|Any CPU
		{98DFF363-4EE0-48A9-B473-A9C6AFE05490}.Release|Any CPU.ActiveCfg = Release|Any CPU
		{98DFF363-4EE0-48A9-B473-A9C6AFE05490}.Release|Any CPU.Build.0 = Release|Any CPU
		{98DFF363-4EE0-48A9-B473-A9C6AFE05490}.Release|Mixed Platforms.ActiveCfg = Release|Any CPU
		{98DFF363-4EE0-48A9-B473-A9C6AFE05490}.Release|Mixed Platforms.Build.0 = Release|Any CPU
		{98DFF363-4EE0-48A9-B473-A9C6AFE05490}.Release|x86.ActiveCfg = Release|Any CPU
		{D60E704B-7D74-41FF-98B5-E0EC68FC6D22}.Debug|Any CPU.ActiveCfg = Debug|Any CPU
		{D60E704B-7D74-41FF-98B5-E0EC68FC6D22}.Debug|Any CPU.Build.0 = Debug|Any CPU
		{D60E704B-7D74-41FF-98B5-E0EC68FC6D22}.Debug|Mixed Platforms.ActiveCfg = Debug|Any CPU
		{D60E704B-7D74-41FF-98B5-E0EC68FC6D22}.Debug|Mixed Platforms.Build.0 = Debug|Any CPU
		{D60E704B-7D74-41FF-98B5-E0EC68FC6D22}.Debug|x86.ActiveCfg = Debug|Any CPU
		{D60E704B-7D74-41FF-98B5-E0EC68FC6D22}.Release|Any CPU.ActiveCfg = Release|Any CPU
		{D60E704B-7D74-41FF-98B5-E0EC68FC6D22}.Release|Any CPU.Build.0 = Release|Any CPU
		{D60E704B-7D74-41FF-98B5-E0EC68FC6D22}.Release|Mixed Platforms.ActiveCfg = Release|Any CPU
		{D60E704B-7D74-41FF-98B5-E0EC68FC6D22}.Release|Mixed Platforms.Build.0 = Release|Any CPU
		{D60E704B-7D74-41FF-98B5-E0EC68FC6D22}.Release|x86.ActiveCfg = Release|Any CPU
		{1D53FAA1-798D-4560-AA93-49679CC58B3B}.Debug|Any CPU.ActiveCfg = Debug|Any CPU
		{1D53FAA1-798D-4560-AA93-49679CC58B3B}.Debug|Any CPU.Build.0 = Debug|Any CPU
		{1D53FAA1-798D-4560-AA93-49679CC58B3B}.Debug|Mixed Platforms.ActiveCfg = Debug|Any CPU
		{1D53FAA1-798D-4560-AA93-49679CC58B3B}.Debug|Mixed Platforms.Build.0 = Debug|Any CPU
		{1D53FAA1-798D-4560-AA93-49679CC58B3B}.Debug|x86.ActiveCfg = Debug|Any CPU
		{1D53FAA1-798D-4560-AA93-49679CC58B3B}.Release|Any CPU.ActiveCfg = Release|Any CPU
		{1D53FAA1-798D-4560-AA93-49679CC58B3B}.Release|Any CPU.Build.0 = Release|Any CPU
		{1D53FAA1-798D-4560-AA93-49679CC58B3B}.Release|Mixed Platforms.ActiveCfg = Release|Any CPU
		{1D53FAA1-798D-4560-AA93-49679CC58B3B}.Release|Mixed Platforms.Build.0 = Release|Any CPU
		{1D53FAA1-798D-4560-AA93-49679CC58B3B}.Release|x86.ActiveCfg = Release|Any CPU
		{D2082633-68CA-4C7E-9CF7-7CA94CF86ACE}.Debug|Any CPU.ActiveCfg = Debug|Any CPU
		{D2082633-68CA-4C7E-9CF7-7CA94CF86ACE}.Debug|Any CPU.Build.0 = Debug|Any CPU
		{D2082633-68CA-4C7E-9CF7-7CA94CF86ACE}.Debug|Mixed Platforms.ActiveCfg = Debug|Any CPU
		{D2082633-68CA-4C7E-9CF7-7CA94CF86ACE}.Debug|Mixed Platforms.Build.0 = Debug|Any CPU
		{D2082633-68CA-4C7E-9CF7-7CA94CF86ACE}.Debug|x86.ActiveCfg = Debug|Any CPU
		{D2082633-68CA-4C7E-9CF7-7CA94CF86ACE}.Release|Any CPU.ActiveCfg = Release|Any CPU
		{D2082633-68CA-4C7E-9CF7-7CA94CF86ACE}.Release|Any CPU.Build.0 = Release|Any CPU
		{D2082633-68CA-4C7E-9CF7-7CA94CF86ACE}.Release|Mixed Platforms.ActiveCfg = Release|Any CPU
		{D2082633-68CA-4C7E-9CF7-7CA94CF86ACE}.Release|Mixed Platforms.Build.0 = Release|Any CPU
		{D2082633-68CA-4C7E-9CF7-7CA94CF86ACE}.Release|x86.ActiveCfg = Release|Any CPU
		{DDA1E28A-6C22-459F-8FED-A1C44A7F8771}.Debug|Any CPU.ActiveCfg = Debug|x86
		{DDA1E28A-6C22-459F-8FED-A1C44A7F8771}.Debug|Mixed Platforms.ActiveCfg = Debug|x86
		{DDA1E28A-6C22-459F-8FED-A1C44A7F8771}.Debug|Mixed Platforms.Build.0 = Debug|x86
		{DDA1E28A-6C22-459F-8FED-A1C44A7F8771}.Debug|x86.ActiveCfg = Debug|x86
		{DDA1E28A-6C22-459F-8FED-A1C44A7F8771}.Debug|x86.Build.0 = Debug|x86
		{DDA1E28A-6C22-459F-8FED-A1C44A7F8771}.Release|Any CPU.ActiveCfg = Release|x86
		{DDA1E28A-6C22-459F-8FED-A1C44A7F8771}.Release|Mixed Platforms.ActiveCfg = Release|x86
		{DDA1E28A-6C22-459F-8FED-A1C44A7F8771}.Release|Mixed Platforms.Build.0 = Release|x86
		{DDA1E28A-6C22-459F-8FED-A1C44A7F8771}.Release|x86.ActiveCfg = Release|x86
		{DDA1E28A-6C22-459F-8FED-A1C44A7F8771}.Release|x86.Build.0 = Release|x86
		{09E1A33E-8FBB-4447-8E6C-7AB49A817808}.Debug|Any CPU.ActiveCfg = Debug|Any CPU
		{09E1A33E-8FBB-4447-8E6C-7AB49A817808}.Debug|Any CPU.Build.0 = Debug|Any CPU
		{09E1A33E-8FBB-4447-8E6C-7AB49A817808}.Debug|Mixed Platforms.ActiveCfg = Debug|Any CPU
		{09E1A33E-8FBB-4447-8E6C-7AB49A817808}.Debug|Mixed Platforms.Build.0 = Debug|Any CPU
		{09E1A33E-8FBB-4447-8E6C-7AB49A817808}.Debug|x86.ActiveCfg = Debug|Any CPU
		{09E1A33E-8FBB-4447-8E6C-7AB49A817808}.Release|Any CPU.ActiveCfg = Release|Any CPU
		{09E1A33E-8FBB-4447-8E6C-7AB49A817808}.Release|Any CPU.Build.0 = Release|Any CPU
		{09E1A33E-8FBB-4447-8E6C-7AB49A817808}.Release|Mixed Platforms.ActiveCfg = Release|Any CPU
		{09E1A33E-8FBB-4447-8E6C-7AB49A817808}.Release|Mixed Platforms.Build.0 = Release|Any CPU
		{09E1A33E-8FBB-4447-8E6C-7AB49A817808}.Release|x86.ActiveCfg = Release|Any CPU
		{E7A39B3E-7513-4696-AC22-0242D9311A4F}.Debug|Any CPU.ActiveCfg = Debug|Any CPU
		{E7A39B3E-7513-4696-AC22-0242D9311A4F}.Debug|Any CPU.Build.0 = Debug|Any CPU
		{E7A39B3E-7513-4696-AC22-0242D9311A4F}.Debug|Mixed Platforms.ActiveCfg = Debug|Any CPU
		{E7A39B3E-7513-4696-AC22-0242D9311A4F}.Debug|Mixed Platforms.Build.0 = Debug|Any CPU
		{E7A39B3E-7513-4696-AC22-0242D9311A4F}.Debug|x86.ActiveCfg = Debug|Any CPU
		{E7A39B3E-7513-4696-AC22-0242D9311A4F}.Release|Any CPU.ActiveCfg = Release|Any CPU
		{E7A39B3E-7513-4696-AC22-0242D9311A4F}.Release|Any CPU.Build.0 = Release|Any CPU
		{E7A39B3E-7513-4696-AC22-0242D9311A4F}.Release|Mixed Platforms.ActiveCfg = Release|Any CPU
		{E7A39B3E-7513-4696-AC22-0242D9311A4F}.Release|Mixed Platforms.Build.0 = Release|Any CPU
		{E7A39B3E-7513-4696-AC22-0242D9311A4F}.Release|x86.ActiveCfg = Release|Any CPU
		{15C32810-20FD-411A-8084-AB069CC7B4D0}.Debug|Any CPU.ActiveCfg = Debug|x86
		{15C32810-20FD-411A-8084-AB069CC7B4D0}.Debug|Mixed Platforms.ActiveCfg = Debug|x86
		{15C32810-20FD-411A-8084-AB069CC7B4D0}.Debug|Mixed Platforms.Build.0 = Debug|x86
		{15C32810-20FD-411A-8084-AB069CC7B4D0}.Debug|x86.ActiveCfg = Debug|x86
		{15C32810-20FD-411A-8084-AB069CC7B4D0}.Debug|x86.Build.0 = Debug|x86
		{15C32810-20FD-411A-8084-AB069CC7B4D0}.Release|Any CPU.ActiveCfg = Release|x86
		{15C32810-20FD-411A-8084-AB069CC7B4D0}.Release|Mixed Platforms.ActiveCfg = Release|x86
		{15C32810-20FD-411A-8084-AB069CC7B4D0}.Release|Mixed Platforms.Build.0 = Release|x86
		{15C32810-20FD-411A-8084-AB069CC7B4D0}.Release|x86.ActiveCfg = Release|x86
		{15C32810-20FD-411A-8084-AB069CC7B4D0}.Release|x86.Build.0 = Release|x86
		{D521BDA8-6A58-47B0-ACE9-A41C1B850B3C}.Debug|Any CPU.ActiveCfg = Debug|x86
		{D521BDA8-6A58-47B0-ACE9-A41C1B850B3C}.Debug|Mixed Platforms.ActiveCfg = Debug|x86
		{D521BDA8-6A58-47B0-ACE9-A41C1B850B3C}.Debug|Mixed Platforms.Build.0 = Debug|x86
		{D521BDA8-6A58-47B0-ACE9-A41C1B850B3C}.Debug|x86.ActiveCfg = Debug|x86
		{D521BDA8-6A58-47B0-ACE9-A41C1B850B3C}.Debug|x86.Build.0 = Debug|x86
		{D521BDA8-6A58-47B0-ACE9-A41C1B850B3C}.Release|Any CPU.ActiveCfg = Release|x86
		{D521BDA8-6A58-47B0-ACE9-A41C1B850B3C}.Release|Mixed Platforms.ActiveCfg = Release|x86
		{D521BDA8-6A58-47B0-ACE9-A41C1B850B3C}.Release|Mixed Platforms.Build.0 = Release|x86
		{D521BDA8-6A58-47B0-ACE9-A41C1B850B3C}.Release|x86.ActiveCfg = Release|x86
		{D521BDA8-6A58-47B0-ACE9-A41C1B850B3C}.Release|x86.Build.0 = Release|x86
		{D9754244-0ECB-4437-9CC6-C415D18AADED}.Debug|Any CPU.ActiveCfg = Debug|Any CPU
		{D9754244-0ECB-4437-9CC6-C415D18AADED}.Debug|Any CPU.Build.0 = Debug|Any CPU
		{D9754244-0ECB-4437-9CC6-C415D18AADED}.Debug|Mixed Platforms.ActiveCfg = Debug|Any CPU
		{D9754244-0ECB-4437-9CC6-C415D18AADED}.Debug|Mixed Platforms.Build.0 = Debug|Any CPU
		{D9754244-0ECB-4437-9CC6-C415D18AADED}.Debug|x86.ActiveCfg = Debug|Any CPU
		{D9754244-0ECB-4437-9CC6-C415D18AADED}.Release|Any CPU.ActiveCfg = Release|Any CPU
		{D9754244-0ECB-4437-9CC6-C415D18AADED}.Release|Any CPU.Build.0 = Release|Any CPU
		{D9754244-0ECB-4437-9CC6-C415D18AADED}.Release|Mixed Platforms.ActiveCfg = Release|Any CPU
		{D9754244-0ECB-4437-9CC6-C415D18AADED}.Release|Mixed Platforms.Build.0 = Release|Any CPU
		{D9754244-0ECB-4437-9CC6-C415D18AADED}.Release|x86.ActiveCfg = Release|Any CPU
		{C4E3CD76-5618-421C-A187-95EB0D51B133}.Debug|Any CPU.ActiveCfg = Debug|Any CPU
		{C4E3CD76-5618-421C-A187-95EB0D51B133}.Debug|Any CPU.Build.0 = Debug|Any CPU
		{C4E3CD76-5618-421C-A187-95EB0D51B133}.Debug|Mixed Platforms.ActiveCfg = Debug|Any CPU
		{C4E3CD76-5618-421C-A187-95EB0D51B133}.Debug|Mixed Platforms.Build.0 = Debug|Any CPU
		{C4E3CD76-5618-421C-A187-95EB0D51B133}.Debug|x86.ActiveCfg = Debug|Any CPU
		{C4E3CD76-5618-421C-A187-95EB0D51B133}.Release|Any CPU.ActiveCfg = Release|Any CPU
		{C4E3CD76-5618-421C-A187-95EB0D51B133}.Release|Any CPU.Build.0 = Release|Any CPU
		{C4E3CD76-5618-421C-A187-95EB0D51B133}.Release|Mixed Platforms.ActiveCfg = Release|Any CPU
		{C4E3CD76-5618-421C-A187-95EB0D51B133}.Release|Mixed Platforms.Build.0 = Release|Any CPU
		{C4E3CD76-5618-421C-A187-95EB0D51B133}.Release|x86.ActiveCfg = Release|Any CPU
		{8B642BBC-4538-45CF-933D-4D72E8CB3A31}.Debug|Any CPU.ActiveCfg = Debug|x86
		{8B642BBC-4538-45CF-933D-4D72E8CB3A31}.Debug|Mixed Platforms.ActiveCfg = Debug|x86
		{8B642BBC-4538-45CF-933D-4D72E8CB3A31}.Debug|Mixed Platforms.Build.0 = Debug|x86
		{8B642BBC-4538-45CF-933D-4D72E8CB3A31}.Debug|x86.ActiveCfg = Debug|x86
		{8B642BBC-4538-45CF-933D-4D72E8CB3A31}.Debug|x86.Build.0 = Debug|x86
		{8B642BBC-4538-45CF-933D-4D72E8CB3A31}.Release|Any CPU.ActiveCfg = Release|x86
		{8B642BBC-4538-45CF-933D-4D72E8CB3A31}.Release|Mixed Platforms.ActiveCfg = Release|x86
		{8B642BBC-4538-45CF-933D-4D72E8CB3A31}.Release|Mixed Platforms.Build.0 = Release|x86
		{8B642BBC-4538-45CF-933D-4D72E8CB3A31}.Release|x86.ActiveCfg = Release|x86
		{8B642BBC-4538-45CF-933D-4D72E8CB3A31}.Release|x86.Build.0 = Release|x86
	EndGlobalSection
	GlobalSection(SolutionProperties) = preSolution
		HideSolutionNode = FALSE
	EndGlobalSection
	GlobalSection(NestedProjects) = preSolution
		{DA30BCAB-D6BD-4508-8C2A-FD6246766A29} = {234A63CF-FC4A-403D-90A8-BA7CA95B3492}
		{5B62A6CF-7854-4EBC-BAB9-1A9A85F3F261} = {234A63CF-FC4A-403D-90A8-BA7CA95B3492}
		{6173C6DC-1435-4A83-A5FE-51DC7E0798AC} = {4A3A84B5-F810-4DA4-9565-3FBD12F76485}
		{98DFF363-4EE0-48A9-B473-A9C6AFE05490} = {4A3A84B5-F810-4DA4-9565-3FBD12F76485}
		{D60E704B-7D74-41FF-98B5-E0EC68FC6D22} = {4A3A84B5-F810-4DA4-9565-3FBD12F76485}
		{1D53FAA1-798D-4560-AA93-49679CC58B3B} = {4A3A84B5-F810-4DA4-9565-3FBD12F76485}
		{D2082633-68CA-4C7E-9CF7-7CA94CF86ACE} = {271B968B-8031-4724-A153-9CCEAEA09E44}
		{DDA1E28A-6C22-459F-8FED-A1C44A7F8771} = {271B968B-8031-4724-A153-9CCEAEA09E44}
		{09E1A33E-8FBB-4447-8E6C-7AB49A817808} = {ED9E6177-7E42-4744-8D8E-762A54898BF0}
		{E7A39B3E-7513-4696-AC22-0242D9311A4F} = {ED9E6177-7E42-4744-8D8E-762A54898BF0}
		{15C32810-20FD-411A-8084-AB069CC7B4D0} = {E50D24A5-972C-4F1C-99E5-01514EE0B6F3}
		{D521BDA8-6A58-47B0-ACE9-A41C1B850B3C} = {E50D24A5-972C-4F1C-99E5-01514EE0B6F3}
		{D9754244-0ECB-4437-9CC6-C415D18AADED} = {6CFE5E0E-5E08-426F-AA95-B24142FB056F}
		{C4E3CD76-5618-421C-A187-95EB0D51B133} = {6CFE5E0E-5E08-426F-AA95-B24142FB056F}
		{8B642BBC-4538-45CF-933D-4D72E8CB3A31} = {7226F057-49AE-4BC4-A5B8-8271B43F00B3}
	EndGlobalSection
EndGlobal
